// !$*UTF8*$!
{
	archiveVersion = 1;
	classes = {
	};
	objectVersion = 46;
	objects = {

/* Begin PBXBuildFile section */
		5FAA245D1E88D1E7000575BA /* AppDelegate.swift in Sources */ = {isa = PBXBuildFile; fileRef = 5FAA245C1E88D1E7000575BA /* AppDelegate.swift */; };
		5FAA245F1E88D1E7000575BA /* ViewController.swift in Sources */ = {isa = PBXBuildFile; fileRef = 5FAA245E1E88D1E7000575BA /* ViewController.swift */; };
		5FAA24621E88D1E7000575BA /* Main.storyboard in Resources */ = {isa = PBXBuildFile; fileRef = 5FAA24601E88D1E7000575BA /* Main.storyboard */; };
		5FAA24641E88D1E7000575BA /* Assets.xcassets in Resources */ = {isa = PBXBuildFile; fileRef = 5FAA24631E88D1E7000575BA /* Assets.xcassets */; };
		5FAA24671E88D1E7000575BA /* LaunchScreen.storyboard in Resources */ = {isa = PBXBuildFile; fileRef = 5FAA24651E88D1E7000575BA /* LaunchScreen.storyboard */; };
/* End PBXBuildFile section */

/* Begin PBXFileReference section */
		5FAA24591E88D1E7000575BA /* Magpie.app */ = {isa = PBXFileReference; explicitFileType = wrapper.application; includeInIndex = 0; path = Magpie.app; sourceTree = BUILT_PRODUCTS_DIR; };
		5FAA245C1E88D1E7000575BA /* AppDelegate.swift */ = {isa = PBXFileReference; lastKnownFileType = sourcecode.swift; path = AppDelegate.swift; sourceTree = "<group>"; };
		5FAA245E1E88D1E7000575BA /* ViewController.swift */ = {isa = PBXFileReference; lastKnownFileType = sourcecode.swift; path = ViewController.swift; sourceTree = "<group>"; };
		5FAA24611E88D1E7000575BA /* Base */ = {isa = PBXFileReference; lastKnownFileType = file.storyboard; name = Base; path = Base.lproj/Main.storyboard; sourceTree = "<group>"; };
		5FAA24631E88D1E7000575BA /* Assets.xcassets */ = {isa = PBXFileReference; lastKnownFileType = folder.assetcatalog; path = Assets.xcassets; sourceTree = "<group>"; };
		5FAA24661E88D1E7000575BA /* Base */ = {isa = PBXFileReference; lastKnownFileType = file.storyboard; name = Base; path = Base.lproj/LaunchScreen.storyboard; sourceTree = "<group>"; };
		5FAA24681E88D1E7000575BA /* Info.plist */ = {isa = PBXFileReference; lastKnownFileType = text.plist.xml; path = Info.plist; sourceTree = "<group>"; };
/* End PBXFileReference section */

/* Begin PBXFrameworksBuildPhase section */
		5FAA24561E88D1E7000575BA /* Frameworks */ = {
			isa = PBXFrameworksBuildPhase;
			buildActionMask = 2147483647;
			files = (
			);
			runOnlyForDeploymentPostprocessing = 0;
		};
/* End PBXFrameworksBuildPhase section */

/* Begin PBXGroup section */
		5FAA24501E88D1E7000575BA = {
			isa = PBXGroup;
			children = (
				5FAA245B1E88D1E7000575BA /* Magpie */,
				5FAA245A1E88D1E7000575BA /* Products */,
			);
			sourceTree = "<group>";
		};
		5FAA245A1E88D1E7000575BA /* Products */ = {
			isa = PBXGroup;
			children = (
				5FAA24591E88D1E7000575BA /* Magpie.app */,
			);
			name = Products;
			sourceTree = "<group>";
		};
		5FAA245B1E88D1E7000575BA /* Magpie */ = {
			isa = PBXGroup;
			children = (
				5FAA245C1E88D1E7000575BA /* AppDelegate.swift */,
				5FAA245E1E88D1E7000575BA /* ViewController.swift */,
				5FAA24601E88D1E7000575BA /* Main.storyboard */,
				5FAA24631E88D1E7000575BA /* Assets.xcassets */,
				5FAA24651E88D1E7000575BA /* LaunchScreen.storyboard */,
				5FAA24681E88D1E7000575BA /* Info.plist */,
			);
			path = Magpie;
			sourceTree = "<group>";
		};
/* End PBXGroup section */

/* Begin PBXNativeTarget section */
		5FAA24581E88D1E7000575BA /* Magpie */ = {
			isa = PBXNativeTarget;
			buildConfigurationList = 5FAA246B1E88D1E7000575BA /* Build configuration list for PBXNativeTarget "Magpie" */;
			buildPhases = (
				5FAA24551E88D1E7000575BA /* Sources */,
				5FAA24561E88D1E7000575BA /* Frameworks */,
				5FAA24571E88D1E7000575BA /* Resources */,
			);
			buildRules = (
			);
			dependencies = (
			);
			name = Magpie;
			productName = Magpie;
			productReference = 5FAA24591E88D1E7000575BA /* Magpie.app */;
			productType = "com.apple.product-type.application";
		};
/* End PBXNativeTarget section */

/* Begin PBXProject section */
		5FAA24511E88D1E7000575BA /* Project object */ = {
			isa = PBXProject;
			attributes = {
				LastSwiftUpdateCheck = 0820;
				LastUpgradeCheck = 0820;
				ORGANIZATIONNAME = "Donny Kurniawan";
				TargetAttributes = {
					5FAA24581E88D1E7000575BA = {
						CreatedOnToolsVersion = 8.2.1;
						DevelopmentTeam = 97PBC8H6EH;
						ProvisioningStyle = Automatic;
					};
				};
			};
			buildConfigurationList = 5FAA24541E88D1E7000575BA /* Build configuration list for PBXProject "Magpie" */;
			compatibilityVersion = "Xcode 3.2";
			developmentRegion = English;
			hasScannedForEncodings = 0;
			knownRegions = (
				en,
				Base,
			);
			mainGroup = 5FAA24501E88D1E7000575BA;
			productRefGroup = 5FAA245A1E88D1E7000575BA /* Products */;
			projectDirPath = "";
			projectRoot = "";
			targets = (
				5FAA24581E88D1E7000575BA /* Magpie */,
			);
		};
/* End PBXProject section */

/* Begin PBXResourcesBuildPhase section */
		5FAA24571E88D1E7000575BA /* Resources */ = {
			isa = PBXResourcesBuildPhase;
			buildActionMask = 2147483647;
			files = (
				5FAA24671E88D1E7000575BA /* LaunchScreen.storyboard in Resources */,
				5FAA24641E88D1E7000575BA /* Assets.xcassets in Resources */,
				5FAA24621E88D1E7000575BA /* Main.storyboard in Resources */,
			);
			runOnlyForDeploymentPostprocessing = 0;
		};
/* End PBXResourcesBuildPhase section */

/* Begin PBXSourcesBuildPhase section */
		5FAA24551E88D1E7000575BA /* Sources */ = {
			isa = PBXSourcesBuildPhase;
			buildActionMask = 2147483647;
			files = (
				5FAA245F1E88D1E7000575BA /* ViewController.swift in Sources */,
				5FAA245D1E88D1E7000575BA /* AppDelegate.swift in Sources */,
			);
			runOnlyForDeploymentPostprocessing = 0;
		};
/* End PBXSourcesBuildPhase section */

/* Begin PBXVariantGroup section */
		5FAA24601E88D1E7000575BA /* Main.storyboard */ = {
			isa = PBXVariantGroup;
			children = (
				5FAA24611E88D1E7000575BA /* Base */,
			);
			name = Main.storyboard;
			sourceTree = "<group>";
		};
		5FAA24651E88D1E7000575BA /* LaunchScreen.storyboard */ = {
			isa = PBXVariantGroup;
			children = (
				5FAA24661E88D1E7000575BA /* Base */,
			);
			name = LaunchScreen.storyboard;
			sourceTree = "<group>";
		};
/* End PBXVariantGroup section */

/* Begin XCBuildConfiguration section */
		5FAA24691E88D1E7000575BA /* Debug */ = {
			isa = XCBuildConfiguration;
			buildSettings = {
				ALWAYS_SEARCH_USER_PATHS = NO;
				CLANG_ANALYZER_NONNULL = YES;
				CLANG_CXX_LANGUAGE_STANDARD = "gnu++0x";
				CLANG_CXX_LIBRARY = "libc++";
				CLANG_ENABLE_MODULES = YES;
				CLANG_ENABLE_OBJC_ARC = YES;
				CLANG_WARN_BOOL_CONVERSION = YES;
				CLANG_WARN_CONSTANT_CONVERSION = YES;
				CLANG_WARN_DIRECT_OBJC_ISA_USAGE = YES_ERROR;
				CLANG_WARN_DOCUMENTATION_COMMENTS = YES;
				CLANG_WARN_EMPTY_BODY = YES;
				CLANG_WARN_ENUM_CONVERSION = YES;
				CLANG_WARN_INFINITE_RECURSION = YES;
				CLANG_WARN_INT_CONVERSION = YES;
				CLANG_WARN_OBJC_ROOT_CLASS = YES_ERROR;
				CLANG_WARN_SUSPICIOUS_MOVE = YES;
				CLANG_WARN_UNREACHABLE_CODE = YES;
				CLANG_WARN__DUPLICATE_METHOD_MATCH = YES;
				"CODE_SIGN_IDENTITY[sdk=iphoneos*]" = "iPhone Developer";
				COPY_PHASE_STRIP = NO;
				DEBUG_INFORMATION_FORMAT = dwarf;
				ENABLE_STRICT_OBJC_MSGSEND = YES;
				ENABLE_TESTABILITY = YES;
				GCC_C_LANGUAGE_STANDARD = gnu99;
				GCC_DYNAMIC_NO_PIC = NO;
				GCC_NO_COMMON_BLOCKS = YES;
				GCC_OPTIMIZATION_LEVEL = 0;
				GCC_PREPROCESSOR_DEFINITIONS = (
					"DEBUG=1",
					"$(inherited)",
				);
				GCC_WARN_64_TO_32_BIT_CONVERSION = YES;
				GCC_WARN_ABOUT_RETURN_TYPE = YES_ERROR;
				GCC_WARN_UNDECLARED_SELECTOR = YES;
				GCC_WARN_UNINITIALIZED_AUTOS = YES_AGGRESSIVE;
				GCC_WARN_UNUSED_FUNCTION = YES;
				GCC_WARN_UNUSED_VARIABLE = YES;
				IPHONEOS_DEPLOYMENT_TARGET = 10.2;
				MTL_ENABLE_DEBUG_INFO = YES;
				ONLY_ACTIVE_ARCH = YES;
				SDKROOT = iphoneos;
				SWIFT_ACTIVE_COMPILATION_CONDITIONS = DEBUG;
				SWIFT_OPTIMIZATION_LEVEL = "-Onone";
			};
			name = Debug;
		};
		5FAA246A1E88D1E7000575BA /* Release */ = {
			isa = XCBuildConfiguration;
			buildSettings = {
				ALWAYS_SEARCH_USER_PATHS = NO;
				CLANG_ANALYZER_NONNULL = YES;
				CLANG_CXX_LANGUAGE_STANDARD = "gnu++0x";
				CLANG_CXX_LIBRARY = "libc++";
				CLANG_ENABLE_MODULES = YES;
				CLANG_ENABLE_OBJC_ARC = YES;
				CLANG_WARN_BOOL_CONVERSION = YES;
				CLANG_WARN_CONSTANT_CONVERSION = YES;
				CLANG_WARN_DIRECT_OBJC_ISA_USAGE = YES_ERROR;
				CLANG_WARN_DOCUMENTATION_COMMENTS = YES;
				CLANG_WARN_EMPTY_BODY = YES;
				CLANG_WARN_ENUM_CONVERSION = YES;
				CLANG_WARN_INFINITE_RECURSION = YES;
				CLANG_WARN_INT_CONVERSION = YES;
				CLANG_WARN_OBJC_ROOT_CLASS = YES_ERROR;
				CLANG_WARN_SUSPICIOUS_MOVE = YES;
				CLANG_WARN_UNREACHABLE_CODE = YES;
				CLANG_WARN__DUPLICATE_METHOD_MATCH = YES;
				"CODE_SIGN_IDENTITY[sdk=iphoneos*]" = "iPhone Developer";
				COPY_PHASE_STRIP = NO;
				DEBUG_INFORMATION_FORMAT = "dwarf-with-dsym";
				ENABLE_NS_ASSERTIONS = NO;
				ENABLE_STRICT_OBJC_MSGSEND = YES;
				GCC_C_LANGUAGE_STANDARD = gnu99;
				GCC_NO_COMMON_BLOCKS = YES;
				GCC_WARN_64_TO_32_BIT_CONVERSION = YES;
				GCC_WARN_ABOUT_RETURN_TYPE = YES_ERROR;
				GCC_WARN_UNDECLARED_SELECTOR = YES;
				GCC_WARN_UNINITIALIZED_AUTOS = YES_AGGRESSIVE;
				GCC_WARN_UNUSED_FUNCTION = YES;
				GCC_WARN_UNUSED_VARIABLE = YES;
				IPHONEOS_DEPLOYMENT_TARGET = 10.2;
				MTL_ENABLE_DEBUG_INFO = NO;
				SDKROOT = iphoneos;
				SWIFT_OPTIMIZATION_LEVEL = "-Owholemodule";
				VALIDATE_PRODUCT = YES;
			};
			name = Release;
		};
		5FAA246C1E88D1E7000575BA /* Debug */ = {
			isa = XCBuildConfiguration;
			buildSettings = {
				ASSETCATALOG_COMPILER_APPICON_NAME = AppIcon;
				DEVELOPMENT_TEAM = 97PBC8H6EH;
				INFOPLIST_FILE = Magpie/Info.plist;
				LD_RUNPATH_SEARCH_PATHS = "$(inherited) @executable_path/Frameworks";
				PRODUCT_BUNDLE_IDENTIFIER = com.worqbench.Magpie;
				PRODUCT_NAME = "$(TARGET_NAME)";
				SWIFT_VERSION = 3.0;
			};
			name = Debug;
		};
		5FAA246D1E88D1E7000575BA /* Release */ = {
			isa = XCBuildConfiguration;
			buildSettings = {
				ASSETCATALOG_COMPILER_APPICON_NAME = AppIcon;
				DEVELOPMENT_TEAM = 97PBC8H6EH;
				INFOPLIST_FILE = Magpie/Info.plist;
				LD_RUNPATH_SEARCH_PATHS = "$(inherited) @executable_path/Frameworks";
				PRODUCT_BUNDLE_IDENTIFIER = com.worqbench.Magpie;
				PRODUCT_NAME = "$(TARGET_NAME)";
				SWIFT_VERSION = 3.0;
			};
			name = Release;
		};
/* End XCBuildConfiguration section */

/* Begin XCConfigurationList section */
		5FAA24541E88D1E7000575BA /* Build configuration list for PBXProject "Magpie" */ = {
			isa = XCConfigurationList;
			buildConfigurations = (
				5FAA24691E88D1E7000575BA /* Debug */,
				5FAA246A1E88D1E7000575BA /* Release */,
			);
			defaultConfigurationIsVisible = 0;
			defaultConfigurationName = Release;
		};
		5FAA246B1E88D1E7000575BA /* Build configuration list for PBXNativeTarget "Magpie" */ = {
			isa = XCConfigurationList;
			buildConfigurations = (
				5FAA246C1E88D1E7000575BA /* Debug */,
				5FAA246D1E88D1E7000575BA /* Release */,
			);
			defaultConfigurationIsVisible = 0;
		};
/* End XCConfigurationList section */
	};
	rootObject = 5FAA24511E88D1E7000575BA /* Project object */;
}
